
Microsoft Visual Studio Solution File, Format Version 12.00
# Visual Studio Version 17
VisualStudioVersion = 17.8.34525.116
MinimumVisualStudioVersion = 10.0.40219.1
Project("{9A19103F-16F7-4668-BE54-9A1E7A4F7556}") = "VMModel", "VMModel.csproj", "{FD3808D5-9894-43D0-9F29-523D9D6BD1D5}"
EndProject
Global
	GlobalSection(SolutionConfigurationPlatforms) = preSolution
		Debug|Any CPU = Debug|Any CPU
		Debug|x64 = Debug|x64
		Debug|x86 = Debug|x86
		Release|Any CPU = Release|Any CPU
		Release|x64 = Release|x64
		Release|x86 = Release|x86
	EndGlobalSection
	GlobalSection(ProjectConfigurationPlatforms) = postSolution
		{FD3808D5-9894-43D0-9F29-523D9D6BD1D5}.Debug|Any CPU.ActiveCfg = Debug|Any CPU
		{FD3808D5-9894-43D0-9F29-523D9D6BD1D5}.Debug|Any CPU.Build.0 = Debug|Any CPU
		{FD3808D5-9894-43D0-9F29-523D9D6BD1D5}.Debug|x64.ActiveCfg = Debug|Any CPU
		{FD3808D5-9894-43D0-9F29-523D9D6BD1D5}.Debug|x86.ActiveCfg = Debug|Any CPU
		{FD3808D5-9894-43D0-9F29-523D9D6BD1D5}.Release|Any CPU.ActiveCfg = Release|Any CPU
		{FD3808D5-9894-43D0-9F29-523D9D6BD1D5}.Release|Any CPU.Build.0 = Release|Any CPU
		{FD3808D5-9894-43D0-9F29-523D9D6BD1D5}.Release|x64.ActiveCfg = Release|Any CPU
		{FD3808D5-9894-43D0-9F29-523D9D6BD1D5}.Release|x86.ActiveCfg = Release|Any CPU
	EndGlobalSection
	GlobalSection(SolutionProperties) = preSolution
		HideSolutionNode = FALSE
	EndGlobalSection
	GlobalSection(ExtensibilityGlobals) = postSolution
		SolutionGuid = {883F2B83-14BC-41C9-B1F3-366D228457EB}
	EndGlobalSection
EndGlobal
